
Microsoft Visual Studio Solution File, Format Version 12.00
# Visual Studio Version 16
VisualStudioVersion = 16.0.29503.13
MinimumVisualStudioVersion = 10.0.40219.1
Project("{8BC9CEB8-8B4A-11D0-8D11-00A0C91BC942}") = "GameServer", "GameServer\GameServer.vcxproj", "{B00B2D1B-301B-4564-B935-4917C7E60C47}"
	ProjectSection(ProjectDependencies) = postProject
		{0869F16F-BEBB-45FA-8C82-622BAA00BBC0} = {0869F16F-BEBB-45FA-8C82-622BAA00BBC0}
	EndProjectSection
EndProject
Project("{8BC9CEB8-8B4A-11D0-8D11-00A0C91BC942}") = "WorldServer", "WorldServer\WorldServer.vcxproj", "{F56C817D-C721-43A5-87A9-E595EF825C62}"
	ProjectSection(ProjectDependencies) = postProject
		{0869F16F-BEBB-45FA-8C82-622BAA00BBC0} = {0869F16F-BEBB-45FA-8C82-622BAA00BBC0}
	EndProjectSection
EndProject
Project("{8BC9CEB8-8B4A-11D0-8D11-00A0C91BC942}") = "GateServer", "GateServer\GateServer.vcxproj", "{422AC166-2240-4E4D-8A9F-26B62CA07893}"
	ProjectSection(ProjectDependencies) = postProject
		{0869F16F-BEBB-45FA-8C82-622BAA00BBC0} = {0869F16F-BEBB-45FA-8C82-622BAA00BBC0}
	EndProjectSection
EndProject
Project("{8BC9CEB8-8B4A-11D0-8D11-00A0C91BC942}") = "LoginServer", "LoginServer\LoginServer.vcxproj", "{87862021-DEEA-444B-BEB6-D0BCCCEF082A}"
	ProjectSection(ProjectDependencies) = postProject
		{0869F16F-BEBB-45FA-8C82-622BAA00BBC0} = {0869F16F-BEBB-45FA-8C82-622BAA00BBC0}
	EndProjectSection
EndProject
Project("{8BC9CEB8-8B4A-11D0-8D11-00A0C91BC942}") = "ChatServer", "ChatServer\ChatServer.vcxproj", "{D5CBD313-AB21-479B-B60F-C4C5C850C023}"
	ProjectSection(ProjectDependencies) = postProject
		{0869F16F-BEBB-45FA-8C82-622BAA00BBC0} = {0869F16F-BEBB-45FA-8C82-622BAA00BBC0}
	EndProjectSection
EndProject
Project("{8BC9CEB8-8B4A-11D0-8D11-00A0C91BC942}") = "DBServer", "DBServer\DBServer.vcxproj", "{14FAFB98-3EEB-46F2-AE0C-3FDC53900635}"
	ProjectSection(ProjectDependencies) = postProject
		{0869F16F-BEBB-45FA-8C82-622BAA00BBC0} = {0869F16F-BEBB-45FA-8C82-622BAA00BBC0}
	EndProjectSection
EndProject
Project("{8BC9CEB8-8B4A-11D0-8D11-00A0C91BC942}") = "MasterServer", "MasterServer\MasterServer.vcxproj", "{305915AE-95D2-49D0-8740-37CB0C2E53CC}"
	ProjectSection(ProjectDependencies) = postProject
		{0869F16F-BEBB-45FA-8C82-622BAA00BBC0} = {0869F16F-BEBB-45FA-8C82-622BAA00BBC0}
	EndProjectSection
EndProject
Project("{8BC9CEB8-8B4A-11D0-8D11-00A0C91BC942}") = "Common", "Common\Common.vcxproj", "{0869F16F-BEBB-45FA-8C82-622BAA00BBC0}"
EndProject
Project("{8BC9CEB8-8B4A-11D0-8D11-00A0C91BC942}") = "MyClient", "MyClient\MyClient.vcxproj", "{6BECF851-3CA4-40E5-AFEE-04F2515ACFD0}"
	ProjectSection(ProjectDependencies) = postProject
		{0869F16F-BEBB-45FA-8C82-622BAA00BBC0} = {0869F16F-BEBB-45FA-8C82-622BAA00BBC0}
	EndProjectSection
EndProject
Project("{8BC9CEB8-8B4A-11D0-8D11-00A0C91BC942}") = "MyTest", "MyTest\MyTest.vcxproj", "{58FE8DD0-DCA9-4545-B474-4587566DA77E}"
EndProject
Global
	GlobalSection(SolutionConfigurationPlatforms) = preSolution
		Debug|Win32 = Debug|Win32
		Debug|x64 = Debug|x64
		Debug|x86 = Debug|x86
		Release|Win32 = Release|Win32
		Release|x64 = Release|x64
		Release|x86 = Release|x86
	EndGlobalSection
	GlobalSection(ProjectConfigurationPlatforms) = postSolution
		{B00B2D1B-301B-4564-B935-4917C7E60C47}.Debug|Win32.ActiveCfg = Debug|Win32
		{B00B2D1B-301B-4564-B935-4917C7E60C47}.Debug|Win32.Build.0 = Debug|Win32
		{B00B2D1B-301B-4564-B935-4917C7E60C47}.Debug|x64.ActiveCfg = Debug|x64
		{B00B2D1B-301B-4564-B935-4917C7E60C47}.Debug|x64.Build.0 = Debug|x64
		{B00B2D1B-301B-4564-B935-4917C7E60C47}.Debug|x86.ActiveCfg = Debug|Win32
		{B00B2D1B-301B-4564-B935-4917C7E60C47}.Debug|x86.Build.0 = Debug|Win32
		{B00B2D1B-301B-4564-B935-4917C7E60C47}.Release|Win32.ActiveCfg = Release|Win32
		{B00B2D1B-301B-4564-B935-4917C7E60C47}.Release|Win32.Build.0 = Release|Win32
		{B00B2D1B-301B-4564-B935-4917C7E60C47}.Release|x64.ActiveCfg = Release|x64
		{B00B2D1B-301B-4564-B935-4917C7E60C47}.Release|x64.Build.0 = Release|x64
		{B00B2D1B-301B-4564-B935-4917C7E60C47}.Release|x86.ActiveCfg = Release|Win32
		{B00B2D1B-301B-4564-B935-4917C7E60C47}.Release|x86.Build.0 = Release|Win32
		{F56C817D-C721-43A5-87A9-E595EF825C62}.Debug|Win32.ActiveCfg = Debug|Win32
		{F56C817D-C721-43A5-87A9-E595EF825C62}.Debug|Win32.Build.0 = Debug|Win32
		{F56C817D-C721-43A5-87A9-E595EF825C62}.Debug|x64.ActiveCfg = Debug|x64
		{F56C817D-C721-43A5-87A9-E595EF825C62}.Debug|x64.Build.0 = Debug|x64
		{F56C817D-C721-43A5-87A9-E595EF825C62}.Debug|x86.ActiveCfg = Debug|Win32
		{F56C817D-C721-43A5-87A9-E595EF825C62}.Debug|x86.Build.0 = Debug|Win32
		{F56C817D-C721-43A5-87A9-E595EF825C62}.Release|Win32.ActiveCfg = Release|Win32
		{F56C817D-C721-43A5-87A9-E595EF825C62}.Release|Win32.Build.0 = Release|Win32
		{F56C817D-C721-43A5-87A9-E595EF825C62}.Release|x64.ActiveCfg = Release|x64
		{F56C817D-C721-43A5-87A9-E595EF825C62}.Release|x64.Build.0 = Release|x64
		{F56C817D-C721-43A5-87A9-E595EF825C62}.Release|x86.ActiveCfg = Release|Win32
		{F56C817D-C721-43A5-87A9-E595EF825C62}.Release|x86.Build.0 = Release|Win32
		{422AC166-2240-4E4D-8A9F-26B62CA07893}.Debug|Win32.ActiveCfg = Debug|Win32
		{422AC166-2240-4E4D-8A9F-26B62CA07893}.Debug|Win32.Build.0 = Debug|Win32
		{422AC166-2240-4E4D-8A9F-26B62CA07893}.Debug|x64.ActiveCfg = Debug|x64
		{422AC166-2240-4E4D-8A9F-26B62CA07893}.Debug|x64.Build.0 = Debug|x64
		{422AC166-2240-4E4D-8A9F-26B62CA07893}.Debug|x86.ActiveCfg = Debug|Win32
		{422AC166-2240-4E4D-8A9F-26B62CA07893}.Debug|x86.Build.0 = Debug|Win32
		{422AC166-2240-4E4D-8A9F-26B62CA07893}.Release|Win32.ActiveCfg = Release|Win32
		{422AC166-2240-4E4D-8A9F-26B62CA07893}.Release|Win32.Build.0 = Release|Win32
		{422AC166-2240-4E4D-8A9F-26B62CA07893}.Release|x64.ActiveCfg = Release|x64
		{422AC166-2240-4E4D-8A9F-26B62CA07893}.Release|x64.Build.0 = Release|x64
		{422AC166-2240-4E4D-8A9F-26B62CA07893}.Release|x86.ActiveCfg = Release|Win32
		{422AC166-2240-4E4D-8A9F-26B62CA07893}.Release|x86.Build.0 = Release|Win32
		{87862021-DEEA-444B-BEB6-D0BCCCEF082A}.Debug|Win32.ActiveCfg = Debug|Win32
		{87862021-DEEA-444B-BEB6-D0BCCCEF082A}.Debug|Win32.Build.0 = Debug|Win32
		{87862021-DEEA-444B-BEB6-D0BCCCEF082A}.Debug|x64.ActiveCfg = Debug|x64
		{87862021-DEEA-444B-BEB6-D0BCCCEF082A}.Debug|x64.Build.0 = Debug|x64
		{87862021-DEEA-444B-BEB6-D0BCCCEF082A}.Debug|x86.ActiveCfg = Debug|Win32
		{87862021-DEEA-444B-BEB6-D0BCCCEF082A}.Debug|x86.Build.0 = Debug|Win32
		{87862021-DEEA-444B-BEB6-D0BCCCEF082A}.Release|Win32.ActiveCfg = Release|Win32
		{87862021-DEEA-444B-BEB6-D0BCCCEF082A}.Release|Win32.Build.0 = Release|Win32
		{87862021-DEEA-444B-BEB6-D0BCCCEF082A}.Release|x64.ActiveCfg = Release|x64
		{87862021-DEEA-444B-BEB6-D0BCCCEF082A}.Release|x64.Build.0 = Release|x64
		{87862021-DEEA-444B-BEB6-D0BCCCEF082A}.Release|x86.ActiveCfg = Release|Win32
		{87862021-DEEA-444B-BEB6-D0BCCCEF082A}.Release|x86.Build.0 = Release|Win32
		{D5CBD313-AB21-479B-B60F-C4C5C850C023}.Debug|Win32.ActiveCfg = Debug|Win32
		{D5CBD313-AB21-479B-B60F-C4C5C850C023}.Debug|Win32.Build.0 = Debug|Win32
		{D5CBD313-AB21-479B-B60F-C4C5C850C023}.Debug|x64.ActiveCfg = Debug|x64
		{D5CBD313-AB21-479B-B60F-C4C5C850C023}.Debug|x64.Build.0 = Debug|x64
		{D5CBD313-AB21-479B-B60F-C4C5C850C023}.Debug|x86.ActiveCfg = Debug|Win32
		{D5CBD313-AB21-479B-B60F-C4C5C850C023}.Debug|x86.Build.0 = Debug|Win32
		{D5CBD313-AB21-479B-B60F-C4C5C850C023}.Release|Win32.ActiveCfg = Release|Win32
		{D5CBD313-AB21-479B-B60F-C4C5C850C023}.Release|Win32.Build.0 = Release|Win32
		{D5CBD313-AB21-479B-B60F-C4C5C850C023}.Release|x64.ActiveCfg = Release|x64
		{D5CBD313-AB21-479B-B60F-C4C5C850C023}.Release|x64.Build.0 = Release|x64
		{D5CBD313-AB21-479B-B60F-C4C5C850C023}.Release|x86.ActiveCfg = Release|Win32
		{D5CBD313-AB21-479B-B60F-C4C5C850C023}.Release|x86.Build.0 = Release|Win32
		{14FAFB98-3EEB-46F2-AE0C-3FDC53900635}.Debug|Win32.ActiveCfg = Debug|Win32
		{14FAFB98-3EEB-46F2-AE0C-3FDC53900635}.Debug|Win32.Build.0 = Debug|Win32
		{14FAFB98-3EEB-46F2-AE0C-3FDC53900635}.Debug|x64.ActiveCfg = Debug|x64
		{14FAFB98-3EEB-46F2-AE0C-3FDC53900635}.Debug|x64.Build.0 = Debug|x64
		{14FAFB98-3EEB-46F2-AE0C-3FDC53900635}.Debug|x86.ActiveCfg = Debug|Win32
		{14FAFB98-3EEB-46F2-AE0C-3FDC53900635}.Debug|x86.Build.0 = Debug|Win32
		{14FAFB98-3EEB-46F2-AE0C-3FDC53900635}.Release|Win32.ActiveCfg = Release|Win32
		{14FAFB98-3EEB-46F2-AE0C-3FDC53900635}.Release|Win32.Build.0 = Release|Win32
		{14FAFB98-3EEB-46F2-AE0C-3FDC53900635}.Release|x64.ActiveCfg = Release|x64
		{14FAFB98-3EEB-46F2-AE0C-3FDC53900635}.Release|x64.Build.0 = Release|x64
		{14FAFB98-3EEB-46F2-AE0C-3FDC53900635}.Release|x86.ActiveCfg = Release|Win32
		{14FAFB98-3EEB-46F2-AE0C-3FDC53900635}.Release|x86.Build.0 = Release|Win32
		{305915AE-95D2-49D0-8740-37CB0C2E53CC}.Debug|Win32.ActiveCfg = Debug|Win32
		{305915AE-95D2-49D0-8740-37CB0C2E53CC}.Debug|Win32.Build.0 = Debug|Win32
		{305915AE-95D2-49D0-8740-37CB0C2E53CC}.Debug|x64.ActiveCfg = Debug|x64
		{305915AE-95D2-49D0-8740-37CB0C2E53CC}.Debug|x64.Build.0 = Debug|x64
		{305915AE-95D2-49D0-8740-37CB0C2E53CC}.Debug|x86.ActiveCfg = Debug|Win32
		{305915AE-95D2-49D0-8740-37CB0C2E53CC}.Debug|x86.Build.0 = Debug|Win32
		{305915AE-95D2-49D0-8740-37CB0C2E53CC}.Release|Win32.ActiveCfg = Release|Win32
		{305915AE-95D2-49D0-8740-37CB0C2E53CC}.Release|Win32.Build.0 = Release|Win32
		{305915AE-95D2-49D0-8740-37CB0C2E53CC}.Release|x64.ActiveCfg = Release|x64
		{305915AE-95D2-49D0-8740-37CB0C2E53CC}.Release|x64.Build.0 = Release|x64
		{305915AE-95D2-49D0-8740-37CB0C2E53CC}.Release|x86.ActiveCfg = Release|Win32
		{305915AE-95D2-49D0-8740-37CB0C2E53CC}.Release|x86.Build.0 = Release|Win32
		{0869F16F-BEBB-45FA-8C82-622BAA00BBC0}.Debug|Win32.ActiveCfg = Debug|Win32
		{0869F16F-BEBB-45FA-8C82-622BAA00BBC0}.Debug|Win32.Build.0 = Debug|Win32
		{0869F16F-BEBB-45FA-8C82-622BAA00BBC0}.Debug|x64.ActiveCfg = Debug|x64
		{0869F16F-BEBB-45FA-8C82-622BAA00BBC0}.Debug|x64.Build.0 = Debug|x64
		{0869F16F-BEBB-45FA-8C82-622BAA00BBC0}.Debug|x86.ActiveCfg = Debug|Win32
		{0869F16F-BEBB-45FA-8C82-622BAA00BBC0}.Debug|x86.Build.0 = Debug|Win32
		{0869F16F-BEBB-45FA-8C82-622BAA00BBC0}.Release|Win32.ActiveCfg = Release|Win32
		{0869F16F-BEBB-45FA-8C82-622BAA00BBC0}.Release|Win32.Build.0 = Release|Win32
		{0869F16F-BEBB-45FA-8C82-622BAA00BBC0}.Release|x64.ActiveCfg = Release|x64
		{0869F16F-BEBB-45FA-8C82-622BAA00BBC0}.Release|x64.Build.0 = Release|x64
		{0869F16F-BEBB-45FA-8C82-622BAA00BBC0}.Release|x86.ActiveCfg = Release|Win32
		{0869F16F-BEBB-45FA-8C82-622BAA00BBC0}.Release|x86.Build.0 = Release|Win32
		{6BECF851-3CA4-40E5-AFEE-04F2515ACFD0}.Debug|Win32.ActiveCfg = Debug|Win32
		{6BECF851-3CA4-40E5-AFEE-04F2515ACFD0}.Debug|Win32.Build.0 = Debug|Win32
		{6BECF851-3CA4-40E5-AFEE-04F2515ACFD0}.Debug|x64.ActiveCfg = Debug|x64
		{6BECF851-3CA4-40E5-AFEE-04F2515ACFD0}.Debug|x64.Build.0 = Debug|x64
		{6BECF851-3CA4-40E5-AFEE-04F2515ACFD0}.Debug|x86.ActiveCfg = Debug|Win32
		{6BECF851-3CA4-40E5-AFEE-04F2515ACFD0}.Debug|x86.Build.0 = Debug|Win32
		{6BECF851-3CA4-40E5-AFEE-04F2515ACFD0}.Release|Win32.ActiveCfg = Release|Win32
		{6BECF851-3CA4-40E5-AFEE-04F2515ACFD0}.Release|Win32.Build.0 = Release|Win32
		{6BECF851-3CA4-40E5-AFEE-04F2515ACFD0}.Release|x64.ActiveCfg = Release|x64
		{6BECF851-3CA4-40E5-AFEE-04F2515ACFD0}.Release|x64.Build.0 = Release|x64
		{6BECF851-3CA4-40E5-AFEE-04F2515ACFD0}.Release|x86.ActiveCfg = Release|Win32
		{6BECF851-3CA4-40E5-AFEE-04F2515ACFD0}.Release|x86.Build.0 = Release|Win32
		{58FE8DD0-DCA9-4545-B474-4587566DA77E}.Debug|Win32.ActiveCfg = Debug|Win32
		{58FE8DD0-DCA9-4545-B474-4587566DA77E}.Debug|Win32.Build.0 = Debug|Win32
		{58FE8DD0-DCA9-4545-B474-4587566DA77E}.Debug|x64.ActiveCfg = Debug|x64
		{58FE8DD0-DCA9-4545-B474-4587566DA77E}.Debug|x64.Build.0 = Debug|x64
		{58FE8DD0-DCA9-4545-B474-4587566DA77E}.Debug|x86.ActiveCfg = Debug|Win32
		{58FE8DD0-DCA9-4545-B474-4587566DA77E}.Debug|x86.Build.0 = Debug|Win32
		{58FE8DD0-DCA9-4545-B474-4587566DA77E}.Release|Win32.ActiveCfg = Release|Win32
		{58FE8DD0-DCA9-4545-B474-4587566DA77E}.Release|Win32.Build.0 = Release|Win32
		{58FE8DD0-DCA9-4545-B474-4587566DA77E}.Release|x64.ActiveCfg = Release|x64
		{58FE8DD0-DCA9-4545-B474-4587566DA77E}.Release|x64.Build.0 = Release|x64
		{58FE8DD0-DCA9-4545-B474-4587566DA77E}.Release|x86.ActiveCfg = Release|Win32
		{58FE8DD0-DCA9-4545-B474-4587566DA77E}.Release|x86.Build.0 = Release|Win32
	EndGlobalSection
	GlobalSection(SolutionProperties) = preSolution
		HideSolutionNode = FALSE
	EndGlobalSection
	GlobalSection(ExtensibilityGlobals) = postSolution
		SolutionGuid = {B07FAB13-C569-4ACE-AC70-644A71A2105F}
	EndGlobalSection
EndGlobal
