<?xml version="1.0" encoding="utf-8"?>
<Project ToolsVersion="4.0" xmlns="http://schemas.microsoft.com/developer/msbuild/2003">
  <ItemGroup>
    <ClInclude Include="NFComm\NFCore\crc32.hpp" />
    <ClInclude Include="NFComm\NFCore\lexical_cast.hpp" />
    <ClInclude Include="NFComm\NFCore\NFConsistentHash.hpp" />
    <ClInclude Include="NFComm\NFCore\NFDataList.hpp" />
    <ClInclude Include="NFComm\NFCore\NFList.hpp" />
    <ClInclude Include="NFComm\NFCore\NFMap.hpp" />
    <ClInclude Include="NFComm\NFCore\NFMapEx.hpp" />
    <ClInclude Include="NFComm\NFCore\NFMemoryCounter.hpp" />
    <ClInclude Include="NFComm\NFCore\NFPerformance.hpp" />
    <ClInclude Include="NFComm\NFCore\NFQueue.hpp" />
    <ClInclude Include="NFComm\NFCore\NFVector2.hpp" />
    <ClInclude Include="NFComm\NFCore\NFVector3.hpp" />
    <ClInclude Include="NFComm\NFNetPlugin\NetClientBase.h" />
    <ClInclude Include="NFComm\NFNetPlugin\NetServerBase.h" />
    <ClInclude Include="NFComm\NFNetPlugin\NFHttpClient.h" />
    <ClInclude Include="NFComm\NFNetPlugin\NFHttpClientModule.h" />
    <ClInclude Include="NFComm\NFNetPlugin\NFHttpServer.h" />
    <ClInclude Include="NFComm\NFNetPlugin\NFHttpServerModule.h" />
    <ClInclude Include="NFComm\NFNetPlugin\NFIHttpClient.h" />
    <ClInclude Include="NFComm\NFNetPlugin\NFIHttpServer.h" />
    <ClInclude Include="NFComm\NFNetPlugin\NFINet.h" />
    <ClInclude Include="NFComm\NFNetPlugin\NFNet.h" />
    <ClInclude Include="NFComm\NFNetPlugin\NFNetClientModule.h" />
    <ClInclude Include="NFComm\NFNetPlugin\NFNetModule.h" />
    <ClInclude Include="NFComm\NFPluginModule\NFGUID.h" />
    <ClInclude Include="NFComm\NFPluginModule\NFIHttpClientModule.h" />
    <ClInclude Include="NFComm\NFPluginModule\NFIHttpServerModule.h" />
    <ClInclude Include="NFComm\NFPluginModule\NFINetClientModule.h" />
    <ClInclude Include="NFComm\NFPluginModule\NFINetModule.h" />
    <ClInclude Include="NFComm\NFPluginModule\NFPlatform.h" />
    <ClInclude Include="ServerComm\Config.h" />
    <ClInclude Include="ServerComm\ThreadBase.h" />
    <ClInclude Include="easylogging\easylogging++.h" />
    <ClInclude Include="ServerProto\GameDB.pb.h" />
    <ClInclude Include="ServerProto\NFNodeNet.pb.h" />
    <ClInclude Include="jsoncpp\json.h" />
    <ClInclude Include="concurrentqueue\blockingconcurrentqueue.h" />
    <ClInclude Include="concurrentqueue\concurrentqueue.h" />
    <ClInclude Include="ServerComm\base64.hpp" />
    <ClInclude Include="ServerComm\crc32.hpp" />
    <ClInclude Include="ServerComm\http_util.hpp" />
    <ClInclude Include="ServerComm\lexical_cast.hpp" />
    <ClInclude Include="ServerComm\optional.hpp" />
    <ClInclude Include="ServerComm\sha1.hpp" />
    <ClInclude Include="ServerComm\string_ref.hpp" />
    <ClInclude Include="ServerComm\variant.h" />
    <ClInclude Include="ServerComm\variant.hpp" />
    <ClInclude Include="ServerComm\BlockQueue.h" />
    <ClInclude Include="ServerComm\CommonDef.h" />
    <ClInclude Include="ServerComm\Lock.h" />
    <ClInclude Include="ServerComm\ObjPool.h" />
    <ClInclude Include="ServerComm\Singleton.h" />
    <ClInclude Include="ServerComm\ThreadPool.h" />
    <ClInclude Include="ServerComm\Timer.h" />
    <ClInclude Include="ServerComm\Util.h" />
    <ClInclude Include="Packet\Packet.h" />
    <ClInclude Include="Packet\PacketMgr.h" />
    <ClInclude Include="NFComm\NFPluginModule\NFIModule.h" />
    <ClInclude Include="Packet\Player.h" />
    <ClInclude Include="ServerComm\MemPool.hpp" />
    <ClInclude Include="ClientProto\Chat.pb.h" />
    <ClInclude Include="ClientProto\ClientPublic.pb.h" />
    <ClInclude Include="ServerProto\ServerPublic.pb.h" />
    <ClInclude Include="ClientModule\ModuleChat.h" />
    <ClInclude Include="ClientModule\ModuleGate.h" />
    <ClInclude Include="ClientModule\ModuleLogin.h" />
    <ClInclude Include="ClientModule\ModuleWorld.h" />
    <ClInclude Include="GameStruct\GameDef.h" />
    <ClInclude Include="GameStruct\GameEnum.h" />
    <ClInclude Include="ServerComm\Random.hpp" />
    <ClInclude Include="DesignTable\Activity.hpp" />
    <ClInclude Include="DesignTable\TableMgr.h" />
    <ClInclude Include="mariacpp\mariacpp\bits\bind.hpp" />
    <ClInclude Include="mariacpp\mariacpp\connection.hpp" />
    <ClInclude Include="mariacpp\mariacpp\exception.hpp" />
    <ClInclude Include="mariacpp\mariacpp\lib.hpp" />
    <ClInclude Include="mariacpp\mariacpp\prepared_stmt.hpp" />
    <ClInclude Include="mariacpp\mariacpp\resultset.hpp" />
    <ClInclude Include="mariacpp\mariacpp\time.hpp" />
    <ClInclude Include="mariacpp\mariacpp\uri.hpp" />
    <ClInclude Include="CityHash\city.h" />
    <ClInclude Include="CityHash\citycrc.h" />
    <ClInclude Include="redis\GameRedis.h" />
    <ClInclude Include="redis\RedisOp.h" />
  </ItemGroup>
  <ItemGroup>
    <ClCompile Include="NFComm\NFNetPlugin\NetClientBase.cpp" />
    <ClCompile Include="NFComm\NFNetPlugin\NetServerBase.cpp" />
    <ClCompile Include="NFComm\NFNetPlugin\NFHttpClient.cpp" />
    <ClCompile Include="NFComm\NFNetPlugin\NFHttpClientModule.cpp" />
    <ClCompile Include="NFComm\NFNetPlugin\NFHttpServer.cpp" />
    <ClCompile Include="NFComm\NFNetPlugin\NFHttpServerModule.cpp" />
    <ClCompile Include="NFComm\NFNetPlugin\NFNet.cpp" />
    <ClCompile Include="NFComm\NFNetPlugin\NFNetClientModule.cpp" />
    <ClCompile Include="NFComm\NFNetPlugin\NFNetModule.cpp" />
    <ClCompile Include="ServerComm\Config.cpp" />
    <ClCompile Include="ServerComm\ThreadBase.cpp" />
    <ClCompile Include="ServerProto\GameDB.pb.cc" />
    <ClCompile Include="ServerProto\NFNodeNet.pb.cc" />
    <ClCompile Include="easylogging\easylogging++.cc" />
    <ClCompile Include="jsoncpp\jsoncpp.cpp" />
    <ClCompile Include="ServerComm\ThreadPool.cpp" />
    <ClCompile Include="ServerComm\Timer.cpp" />
    <ClCompile Include="ServerComm\Util.cpp" />
    <ClCompile Include="Packet\Packet.cpp" />
    <ClCompile Include="Packet\PacketMgr.cpp" />
    <ClCompile Include="Packet\Player.cpp" />
    <ClCompile Include="ClientProto\Chat.pb.cc" />
    <ClCompile Include="ClientProto\ClientPublic.pb.cc" />
    <ClCompile Include="ServerProto\ServerPublic.pb.cc" />
    <ClCompile Include="DesignTable\TableMgr.cpp" />
    <ClCompile Include="mariacpp\src\bind.cpp" />
    <ClCompile Include="mariacpp\src\connection.cpp" />
    <ClCompile Include="mariacpp\src\exception.cpp" />
    <ClCompile Include="mariacpp\src\lib.cpp" />
    <ClCompile Include="mariacpp\src\ma_time.c" />
    <ClCompile Include="mariacpp\src\prepared_stmt.cpp" />
    <ClCompile Include="mariacpp\src\resultset.cpp" />
    <ClCompile Include="mariacpp\src\time.cpp" />
    <ClCompile Include="mariacpp\src\uri.cpp" />
    <ClCompile Include="CityHash\city.cc" />
    <ClCompile Include="redis\GameRedis.cpp" />
    <ClCompile Include="redis\RedisOp.cpp" />
  </ItemGroup>
  <ItemGroup>
    <None Include="ClientProto\Chat.proto" />
  </ItemGroup>
</Project>